uuid: 0da18415-3a2b-4e02-ba63-f3014f528415
langcode: en
status: true
dependencies:
  module:
    - weather
  theme:
    - myboot
id: weatherblock
theme: myboot
region: content
weight: -5
provider: null
plugin: weather_block
settings:
  id: weather_block
  label: 'My Weather Block'
  provider: weather
  label_display: visible
  city: Madrid
  description: Madrid
  image:
    - '22'
  round:
    'yes': 'yes'
    'no': 0
visibility: {  }
